
Microsoft Visual Studio Solution File, Format Version 12.00
# Visual Studio Version 17
VisualStudioVersion = 17.1.32228.430
MinimumVisualStudioVersion = 10.0.40219.1
Project("{FAE04EC0-301F-11D3-BF4B-00C04F79EFBC}") = "BookandQuill", "BookandQuill.csproj", "{1B6E985A-55FB-4439-B714-67CF5FC6261B}"
EndProject
Project("{54435603-DBB4-11D2-8724-00A0C9A8B90C}") = "BookandQuillSetup", "BookandQuillSetup\BookandQuillSetup.vdproj", "{FE352BFF-0CE9-4004-97FE-5CBF672D858A}"
EndProject
Global
	GlobalSection(SolutionConfigurationPlatforms) = preSolution
		Debug|Any CPU = Debug|Any CPU
		Release|Any CPU = Release|Any CPU
	EndGlobalSection
	GlobalSection(ProjectConfigurationPlatforms) = postSolution
		{1B6E985A-55FB-4439-B714-67CF5FC6261B}.Debug|Any CPU.ActiveCfg = Debug|Any CPU
		{1B6E985A-55FB-4439-B714-67CF5FC6261B}.Debug|Any CPU.Build.0 = Debug|Any CPU
		{1B6E985A-55FB-4439-B714-67CF5FC6261B}.Release|Any CPU.ActiveCfg = Release|Any CPU
		{1B6E985A-55FB-4439-B714-67CF5FC6261B}.Release|Any CPU.Build.0 = Release|Any CPU
		{FE352BFF-0CE9-4004-97FE-5CBF672D858A}.Debug|Any CPU.ActiveCfg = Debug
		{FE352BFF-0CE9-4004-97FE-5CBF672D858A}.Release|Any CPU.ActiveCfg = Release
	EndGlobalSection
	GlobalSection(SolutionProperties) = preSolution
		HideSolutionNode = FALSE
	EndGlobalSection
	GlobalSection(ExtensibilityGlobals) = postSolution
		SolutionGuid = {A5F1368D-8231-4CBB-B618-2B11829755EA}
	EndGlobalSection
EndGlobal
